
Microsoft Visual Studio Solution File, Format Version 12.00
# Visual Studio Version 17
VisualStudioVersion = 17.11.35312.102
MinimumVisualStudioVersion = 10.0.40219.1
Project("{9A19103F-16F7-4668-BE54-9A1E7A4F7556}") = "App.Repositories", "Repositories\App.Repositories.csproj", "{60E4AB4D-86A7-42F5-900E-82B8C1F20CC4}"
EndProject
Project("{9A19103F-16F7-4668-BE54-9A1E7A4F7556}") = "App.Services", "Services\App.Services.csproj", "{D144DDB4-7EB9-40C0-AAD5-0F9C14C29FD4}"
EndProject
Project("{FAE04EC0-301F-11D3-BF4B-00C04F79EFBC}") = "App.API", "App.API\App.API.csproj", "{9C5F187E-0B84-402D-A78A-8FDBA381AB63}"
	ProjectSection(ProjectDependencies) = postProject
		{D144DDB4-7EB9-40C0-AAD5-0F9C14C29FD4} = {D144DDB4-7EB9-40C0-AAD5-0F9C14C29FD4}
	EndProjectSection
EndProject
Global
	GlobalSection(SolutionConfigurationPlatforms) = preSolution
		Debug|Any CPU = Debug|Any CPU
		Release|Any CPU = Release|Any CPU
	EndGlobalSection
	GlobalSection(ProjectConfigurationPlatforms) = postSolution
		{60E4AB4D-86A7-42F5-900E-82B8C1F20CC4}.Debug|Any CPU.ActiveCfg = Debug|Any CPU
		{60E4AB4D-86A7-42F5-900E-82B8C1F20CC4}.Debug|Any CPU.Build.0 = Debug|Any CPU
		{60E4AB4D-86A7-42F5-900E-82B8C1F20CC4}.Release|Any CPU.ActiveCfg = Release|Any CPU
		{60E4AB4D-86A7-42F5-900E-82B8C1F20CC4}.Release|Any CPU.Build.0 = Release|Any CPU
		{D144DDB4-7EB9-40C0-AAD5-0F9C14C29FD4}.Debug|Any CPU.ActiveCfg = Debug|Any CPU
		{D144DDB4-7EB9-40C0-AAD5-0F9C14C29FD4}.Debug|Any CPU.Build.0 = Debug|Any CPU
		{D144DDB4-7EB9-40C0-AAD5-0F9C14C29FD4}.Release|Any CPU.ActiveCfg = Release|Any CPU
		{D144DDB4-7EB9-40C0-AAD5-0F9C14C29FD4}.Release|Any CPU.Build.0 = Release|Any CPU
		{9C5F187E-0B84-402D-A78A-8FDBA381AB63}.Debug|Any CPU.ActiveCfg = Debug|Any CPU
		{9C5F187E-0B84-402D-A78A-8FDBA381AB63}.Debug|Any CPU.Build.0 = Debug|Any CPU
		{9C5F187E-0B84-402D-A78A-8FDBA381AB63}.Release|Any CPU.ActiveCfg = Release|Any CPU
		{9C5F187E-0B84-402D-A78A-8FDBA381AB63}.Release|Any CPU.Build.0 = Release|Any CPU
	EndGlobalSection
	GlobalSection(SolutionProperties) = preSolution
		HideSolutionNode = FALSE
	EndGlobalSection
	GlobalSection(ExtensibilityGlobals) = postSolution
		SolutionGuid = {A24684F6-B333-4207-B756-6CF8E7686121}
	EndGlobalSection
EndGlobal
